
Microsoft Visual Studio Solution File, Format Version 12.00
# Visual Studio Version 16
VisualStudioVersion = 16.0.31624.102
MinimumVisualStudioVersion = 10.0.40219.1
Project("{9A19103F-16F7-4668-BE54-9A1E7A4F7556}") = "PizzaCore.API", "PizzaCore.API\PizzaCore.API.csproj", "{1319D01A-79E8-4D30-88D4-E2D429065C50}"
EndProject
Global
	GlobalSection(SolutionConfigurationPlatforms) = preSolution
		Debug|Any CPU = Debug|Any CPU
		Release|Any CPU = Release|Any CPU
	EndGlobalSection
	GlobalSection(ProjectConfigurationPlatforms) = postSolution
		{1319D01A-79E8-4D30-88D4-E2D429065C50}.Debug|Any CPU.ActiveCfg = Debug|Any CPU
		{1319D01A-79E8-4D30-88D4-E2D429065C50}.Debug|Any CPU.Build.0 = Debug|Any CPU
		{1319D01A-79E8-4D30-88D4-E2D429065C50}.Release|Any CPU.ActiveCfg = Release|Any CPU
		{1319D01A-79E8-4D30-88D4-E2D429065C50}.Release|Any CPU.Build.0 = Release|Any CPU
	EndGlobalSection
	GlobalSection(SolutionProperties) = preSolution
		HideSolutionNode = FALSE
	EndGlobalSection
	GlobalSection(ExtensibilityGlobals) = postSolution
		SolutionGuid = {06CE6CC7-DFCD-4215-B9F8-4C63C73F88C8}
	EndGlobalSection
EndGlobal
